
Microsoft Visual Studio Solution File, Format Version 12.00
Project("{FAE04EC0-301F-11D3-BF4B-00C04F79EFBC}") = "W.API", "W.API\W.API.csproj", "{50C40C60-EC4B-462F-8F74-D123361BCF7F}"
EndProject
Project("{FAE04EC0-301F-11D3-BF4B-00C04F79EFBC}") = "W.SAL", "W.SAL\W.SAL.csproj", "{C7F90194-3A20-4091-ACB4-AD6E3C6FE40D}"
EndProject
Project("{FAE04EC0-301F-11D3-BF4B-00C04F79EFBC}") = "W.DAL", "W.DAL\W.DAL.csproj", "{B39C42F2-B057-44AB-BE7A-222DF12764D9}"
EndProject
Global
	GlobalSection(SolutionConfigurationPlatforms) = preSolution
		Debug|Any CPU = Debug|Any CPU
		Release|Any CPU = Release|Any CPU
	EndGlobalSection
	GlobalSection(ProjectConfigurationPlatforms) = postSolution
		{50C40C60-EC4B-462F-8F74-D123361BCF7F}.Debug|Any CPU.ActiveCfg = Debug|Any CPU
		{50C40C60-EC4B-462F-8F74-D123361BCF7F}.Debug|Any CPU.Build.0 = Debug|Any CPU
		{50C40C60-EC4B-462F-8F74-D123361BCF7F}.Release|Any CPU.ActiveCfg = Release|Any CPU
		{50C40C60-EC4B-462F-8F74-D123361BCF7F}.Release|Any CPU.Build.0 = Release|Any CPU
		{C7F90194-3A20-4091-ACB4-AD6E3C6FE40D}.Debug|Any CPU.ActiveCfg = Debug|Any CPU
		{C7F90194-3A20-4091-ACB4-AD6E3C6FE40D}.Debug|Any CPU.Build.0 = Debug|Any CPU
		{C7F90194-3A20-4091-ACB4-AD6E3C6FE40D}.Release|Any CPU.ActiveCfg = Release|Any CPU
		{C7F90194-3A20-4091-ACB4-AD6E3C6FE40D}.Release|Any CPU.Build.0 = Release|Any CPU
		{B39C42F2-B057-44AB-BE7A-222DF12764D9}.Debug|Any CPU.ActiveCfg = Debug|Any CPU
		{B39C42F2-B057-44AB-BE7A-222DF12764D9}.Debug|Any CPU.Build.0 = Debug|Any CPU
		{B39C42F2-B057-44AB-BE7A-222DF12764D9}.Release|Any CPU.ActiveCfg = Release|Any CPU
		{B39C42F2-B057-44AB-BE7A-222DF12764D9}.Release|Any CPU.Build.0 = Release|Any CPU
	EndGlobalSection
EndGlobal
